// !$*UTF8*$!
{
	archiveVersion = 1;
	classes = {
	};
	objectVersion = 51;
	objects = {

/* Begin PBXBuildFile section */
		58B3276996D45E7F9EFB49EE /* Pods_BudsTests.framework in Frameworks */ = {isa = PBXBuildFile; fileRef = DFBCFB9F69836A8C3EBC2D7A /* Pods_BudsTests.framework */; };
		85A6D5809D0DA09E96B17762 /* Pods_Buds.framework in Frameworks */ = {isa = PBXBuildFile; fileRef = 7EA768FA78007AABCE0277D1 /* Pods_Buds.framework */; };
		BE00F0D822FDB9C500B65AB5 /* PlayfairDisplay-BoldItalic.otf in Resources */ = {isa = PBXBuildFile; fileRef = BE00F0CC22FDB9C400B65AB5 /* PlayfairDisplay-BoldItalic.otf */; };
		BE00F0D922FDB9C500B65AB5 /* PlayfairDisplaySC-BlackItalic.otf in Resources */ = {isa = PBXBuildFile; fileRef = BE00F0CD22FDB9C400B65AB5 /* PlayfairDisplaySC-BlackItalic.otf */; };
		BE00F0DA22FDB9C500B65AB5 /* PlayfairDisplaySC-BoldItalic.otf in Resources */ = {isa = PBXBuildFile; fileRef = BE00F0CE22FDB9C400B65AB5 /* PlayfairDisplaySC-BoldItalic.otf */; };
		BE00F0DB22FDB9C500B65AB5 /* PlayfairDisplaySC-Italic.otf in Resources */ = {isa = PBXBuildFile; fileRef = BE00F0CF22FDB9C400B65AB5 /* PlayfairDisplaySC-Italic.otf */; };
		BE00F0DC22FDB9C500B65AB5 /* PlayfairDisplaySC-Regular.otf in Resources */ = {isa = PBXBuildFile; fileRef = BE00F0D022FDB9C400B65AB5 /* PlayfairDisplaySC-Regular.otf */; };
		BE00F0DD22FDB9C500B65AB5 /* PlayfairDisplay-Regular.otf in Resources */ = {isa = PBXBuildFile; fileRef = BE00F0D122FDB9C400B65AB5 /* PlayfairDisplay-Regular.otf */; };
		BE00F0DE22FDB9C500B65AB5 /* PlayfairDisplay-Black.otf in Resources */ = {isa = PBXBuildFile; fileRef = BE00F0D222FDB9C400B65AB5 /* PlayfairDisplay-Black.otf */; };
		BE00F0DF22FDB9C500B65AB5 /* PlayfairDisplay-Italic.otf in Resources */ = {isa = PBXBuildFile; fileRef = BE00F0D322FDB9C400B65AB5 /* PlayfairDisplay-Italic.otf */; };
		BE00F0E022FDB9C500B65AB5 /* PlayfairDisplay-Bold.otf in Resources */ = {isa = PBXBuildFile; fileRef = BE00F0D422FDB9C400B65AB5 /* PlayfairDisplay-Bold.otf */; };
		BE00F0E122FDB9C500B65AB5 /* PlayfairDisplay-BlackItalic.otf in Resources */ = {isa = PBXBuildFile; fileRef = BE00F0D522FDB9C500B65AB5 /* PlayfairDisplay-BlackItalic.otf */; };
		BE00F0E222FDB9C500B65AB5 /* PlayfairDisplaySC-Bold.otf in Resources */ = {isa = PBXBuildFile; fileRef = BE00F0D622FDB9C500B65AB5 /* PlayfairDisplaySC-Bold.otf */; };
		BE00F0E322FDB9C500B65AB5 /* PlayfairDisplaySC-Black.otf in Resources */ = {isa = PBXBuildFile; fileRef = BE00F0D722FDB9C500B65AB5 /* PlayfairDisplaySC-Black.otf */; };
		BE00F0E822FDBD1500B65AB5 /* Coves Light.otf in Resources */ = {isa = PBXBuildFile; fileRef = BE00F0E622FDBD1500B65AB5 /* Coves Light.otf */; };
		BE00F0E922FDBD1500B65AB5 /* Coves Bold.otf in Resources */ = {isa = PBXBuildFile; fileRef = BE00F0E722FDBD1500B65AB5 /* Coves Bold.otf */; };
		BE00F0F322FDD59200B65AB5 /* Proxima Nova Alt Thin.otf in Resources */ = {isa = PBXBuildFile; fileRef = BE00F0EB22FDD59100B65AB5 /* Proxima Nova Alt Thin.otf */; };
		BE00F0F422FDD59200B65AB5 /* Proxima Nova Regular.otf in Resources */ = {isa = PBXBuildFile; fileRef = BE00F0EC22FDD59100B65AB5 /* Proxima Nova Regular.otf */; };
		BE00F0F522FDD59200B65AB5 /* Proxima Nova Alt Bold.otf in Resources */ = {isa = PBXBuildFile; fileRef = BE00F0ED22FDD59100B65AB5 /* Proxima Nova Alt Bold.otf */; };
		BE00F0F622FDD59200B65AB5 /* Proxima Nova Black.otf in Resources */ = {isa = PBXBuildFile; fileRef = BE00F0EE22FDD59200B65AB5 /* Proxima Nova Black.otf */; };
		BE00F0F722FDD59200B65AB5 /* Proxima Nova Thin.otf in Resources */ = {isa = PBXBuildFile; fileRef = BE00F0EF22FDD59200B65AB5 /* Proxima Nova Thin.otf */; };
		BE00F0F822FDD59200B65AB5 /* Proxima Nova Alt Light.otf in Resources */ = {isa = PBXBuildFile; fileRef = BE00F0F022FDD59200B65AB5 /* Proxima Nova Alt Light.otf */; };
		BE00F0F922FDD59200B65AB5 /* Proxima Nova Bold.otf in Resources */ = {isa = PBXBuildFile; fileRef = BE00F0F122FDD59200B65AB5 /* Proxima Nova Bold.otf */; };
		BE00F0FA22FDD59200B65AB5 /* Proxima Nova Extrabold.otf in Resources */ = {isa = PBXBuildFile; fileRef = BE00F0F222FDD59200B65AB5 /* Proxima Nova Extrabold.otf */; };
		BE02A32322DCEF9A00431854 /* Network.swift in Sources */ = {isa = PBXBuildFile; fileRef = BE02A32222DCEF9A00431854 /* Network.swift */; };
		BE02A32522DE557200431854 /* LocationSearchBarController.swift in Sources */ = {isa = PBXBuildFile; fileRef = BE02A32422DE557200431854 /* LocationSearchBarController.swift */; };
		BE02A32722DE61AB00431854 /* LocationSearchDelegate.swift in Sources */ = {isa = PBXBuildFile; fileRef = BE02A32622DE61AB00431854 /* LocationSearchDelegate.swift */; };
		BE02A32A22DFBC4400431854 /* ActivityFeed.storyboard in Resources */ = {isa = PBXBuildFile; fileRef = BE02A32922DFBC4400431854 /* ActivityFeed.storyboard */; };
		BE02A33722E2562000431854 /* ActivityFeedController.swift in Sources */ = {isa = PBXBuildFile; fileRef = BE02A33522E2562000431854 /* ActivityFeedController.swift */; };
		BE02A33A22E2572F00431854 /* ActivityFeedCustomCell.xib in Resources */ = {isa = PBXBuildFile; fileRef = BE02A33922E2572F00431854 /* ActivityFeedCustomCell.xib */; };
		BE02A33C22E2581800431854 /* ActivityFeedCustomCell.swift in Sources */ = {isa = PBXBuildFile; fileRef = BE02A33B22E2581800431854 /* ActivityFeedCustomCell.swift */; };
		BE02A33E22E6436600431854 /* NewActivityLocationController.swift in Sources */ = {isa = PBXBuildFile; fileRef = BE02A33D22E6436600431854 /* NewActivityLocationController.swift */; };
		BE02A34422E6BD7D00431854 /* TimeHelper.swift in Sources */ = {isa = PBXBuildFile; fileRef = BE02A34322E6BD7D00431854 /* TimeHelper.swift */; };
		BE03D2A722C2676E0059B587 /* WelcomeViewController.swift in Sources */ = {isa = PBXBuildFile; fileRef = BE03D2A622C2676E0059B587 /* WelcomeViewController.swift */; };
		BE03D2A922C269060059B587 /* LogInViewController.swift in Sources */ = {isa = PBXBuildFile; fileRef = BE03D2A822C269060059B587 /* LogInViewController.swift */; };
		BE03D2AB22C269730059B587 /* RegisterViewController.swift in Sources */ = {isa = PBXBuildFile; fileRef = BE03D2AA22C269730059B587 /* RegisterViewController.swift */; };
		BE03D2AD22C548480059B587 /* ProfileViewController.swift in Sources */ = {isa = PBXBuildFile; fileRef = BE03D2AC22C548480059B587 /* ProfileViewController.swift */; };
		BE0A065822FB6F5F00C41B53 /* ModelController.swift in Sources */ = {isa = PBXBuildFile; fileRef = BE0A065722FB6F5F00C41B53 /* ModelController.swift */; };
		BE12BA91233A7621009FAD1D /* TableViewCell.swift in Sources */ = {isa = PBXBuildFile; fileRef = BE12BA90233A7621009FAD1D /* TableViewCell.swift */; };
		BE12BA97233BA5CF009FAD1D /* ArvoBoldItalic.ttf in Resources */ = {isa = PBXBuildFile; fileRef = BE12BA93233BA5CE009FAD1D /* ArvoBoldItalic.ttf */; };
		BE12BA98233BA5CF009FAD1D /* ArvoRegular.ttf in Resources */ = {isa = PBXBuildFile; fileRef = BE12BA94233BA5CE009FAD1D /* ArvoRegular.ttf */; };
		BE12BA99233BA5CF009FAD1D /* ArvoItalic.ttf in Resources */ = {isa = PBXBuildFile; fileRef = BE12BA95233BA5CE009FAD1D /* ArvoItalic.ttf */; };
		BE12BA9A233BA5CF009FAD1D /* ArvoBold.ttf in Resources */ = {isa = PBXBuildFile; fileRef = BE12BA96233BA5CF009FAD1D /* ArvoBold.ttf */; };
		BE12BA9C233D1CA8009FAD1D /* StrainDetailsViewController.swift in Sources */ = {isa = PBXBuildFile; fileRef = BE12BA9B233D1CA8009FAD1D /* StrainDetailsViewController.swift */; };
		BE2D4C13245CD16D0008D7C6 /* BudsEmptySateView.swift in Sources */ = {isa = PBXBuildFile; fileRef = BE2D4C12245CD16D0008D7C6 /* BudsEmptySateView.swift */; };
		BE2D4C152460A46B0008D7C6 /* ActivityFeedVC.swift in Sources */ = {isa = PBXBuildFile; fileRef = BE2D4C142460A46B0008D7C6 /* ActivityFeedVC.swift */; };
		BE2D4C172460A7DC0008D7C6 /* BudsAvatarImageView.swift in Sources */ = {isa = PBXBuildFile; fileRef = BE2D4C162460A7DC0008D7C6 /* BudsAvatarImageView.swift */; };
		BE2D4C1A2460A8660008D7C6 /* NetworkManager.swift in Sources */ = {isa = PBXBuildFile; fileRef = BE2D4C192460A8660008D7C6 /* NetworkManager.swift */; };
		BE2D4C1E2461B4370008D7C6 /* Activity.swift in Sources */ = {isa = PBXBuildFile; fileRef = BE2D4C1D2461B4370008D7C6 /* Activity.swift */; };
		BE2D4C202461B7100008D7C6 /* ActivityCell.swift in Sources */ = {isa = PBXBuildFile; fileRef = BE2D4C1F2461B7100008D7C6 /* ActivityCell.swift */; };
		BE2D4C222461B97C0008D7C6 /* BudsSecondaryLabel.swift in Sources */ = {isa = PBXBuildFile; fileRef = BE2D4C212461B97C0008D7C6 /* BudsSecondaryLabel.swift */; };
		BE2F42AC2373606500D6BDF0 /* Search.storyboard in Resources */ = {isa = PBXBuildFile; fileRef = BE2F42AB2373606500D6BDF0 /* Search.storyboard */; };
		BE41464422BA718C0009A738 /* AppDelegate.swift in Sources */ = {isa = PBXBuildFile; fileRef = BE41464322BA718C0009A738 /* AppDelegate.swift */; };
		BE41464922BA718C0009A738 /* Main.storyboard in Resources */ = {isa = PBXBuildFile; fileRef = BE41464722BA718C0009A738 /* Main.storyboard */; };
		BE41464B22BA718D0009A738 /* Assets.xcassets in Resources */ = {isa = PBXBuildFile; fileRef = BE41464A22BA718D0009A738 /* Assets.xcassets */; };
		BE41464E22BA718D0009A738 /* LaunchScreen.storyboard in Resources */ = {isa = PBXBuildFile; fileRef = BE41464C22BA718D0009A738 /* LaunchScreen.storyboard */; };
		BE41465922BA718D0009A738 /* BudsTests.swift in Sources */ = {isa = PBXBuildFile; fileRef = BE41465822BA718D0009A738 /* BudsTests.swift */; };
		BE41466422BA718D0009A738 /* BudsUITests.swift in Sources */ = {isa = PBXBuildFile; fileRef = BE41466322BA718D0009A738 /* BudsUITests.swift */; };
		BE41467522BA91670009A738 /* Person.swift in Sources */ = {isa = PBXBuildFile; fileRef = BE41467422BA91670009A738 /* Person.swift */; };
		BE41467D22BA9CE50009A738 /* Birthday.swift in Sources */ = {isa = PBXBuildFile; fileRef = BE41467C22BA9CE50009A738 /* Birthday.swift */; };
		BE41467F22BA9E180009A738 /* Location.swift in Sources */ = {isa = PBXBuildFile; fileRef = BE41467E22BA9E180009A738 /* Location.swift */; };
		BE41468122BAD6A00009A738 /* GoogleService-Info.plist in Resources */ = {isa = PBXBuildFile; fileRef = BE41468022BAD6A00009A738 /* GoogleService-Info.plist */; };
		BE41468222BAD6A00009A738 /* GoogleService-Info.plist in Resources */ = {isa = PBXBuildFile; fileRef = BE41468022BAD6A00009A738 /* GoogleService-Info.plist */; };
		BE41468322BAD6A00009A738 /* GoogleService-Info.plist in Resources */ = {isa = PBXBuildFile; fileRef = BE41468022BAD6A00009A738 /* GoogleService-Info.plist */; };
		BE4795E0237DD99200FB0874 /* NewActivityStrainViewController.swift in Sources */ = {isa = PBXBuildFile; fileRef = BE4795DF237DD99200FB0874 /* NewActivityStrainViewController.swift */; };
		BE58381D237CE4F9002160B8 /* NewActivityEffectsViewController.swift in Sources */ = {isa = PBXBuildFile; fileRef = BE58381C237CE4F9002160B8 /* NewActivityEffectsViewController.swift */; };
		BE58DEBD24537275003A4239 /* SearchVC.swift in Sources */ = {isa = PBXBuildFile; fileRef = BE58DEBC24537275003A4239 /* SearchVC.swift */; };
		BE58DEBF245374A1003A4239 /* UIHelper.swift in Sources */ = {isa = PBXBuildFile; fileRef = BE58DEBE245374A1003A4239 /* UIHelper.swift */; };
		BE58DEC224537735003A4239 /* StrainCell.swift in Sources */ = {isa = PBXBuildFile; fileRef = BE58DEC124537735003A4239 /* StrainCell.swift */; };
		BE58DEC524537A68003A4239 /* UIView+Ext.swift in Sources */ = {isa = PBXBuildFile; fileRef = BE58DEC424537A68003A4239 /* UIView+Ext.swift */; };
		BE58DEC7245390EF003A4239 /* BudsStrainImageView.swift in Sources */ = {isa = PBXBuildFile; fileRef = BE58DEC6245390EF003A4239 /* BudsStrainImageView.swift */; };
		BE604D77237369580026ECDA /* SearchViewController.swift in Sources */ = {isa = PBXBuildFile; fileRef = BE604D76237369580026ECDA /* SearchViewController.swift */; };
		BE604D7923747E3C0026ECDA /* TabBar.storyboard in Resources */ = {isa = PBXBuildFile; fileRef = BE604D7823747E3C0026ECDA /* TabBar.storyboard */; };
		BE6726072386129600261DB5 /* StrainJSON.swift in Sources */ = {isa = PBXBuildFile; fileRef = BE6726062386129600261DB5 /* StrainJSON.swift */; };
		BE67260923884E8300261DB5 /* StrainInfoViewController.swift in Sources */ = {isa = PBXBuildFile; fileRef = BE67260823884E8300261DB5 /* StrainInfoViewController.swift */; };
		BE6B71A8244F9B75007BFB23 /* BudsBodyLabel.swift in Sources */ = {isa = PBXBuildFile; fileRef = BE6B71A7244F9B75007BFB23 /* BudsBodyLabel.swift */; };
		BE6B71AB244F9F6A007BFB23 /* BudsDataLoadingVC.swift in Sources */ = {isa = PBXBuildFile; fileRef = BE6B71AA244F9F6A007BFB23 /* BudsDataLoadingVC.swift */; };
		BE747FB722CA798300D071FD /* Profile.storyboard in Resources */ = {isa = PBXBuildFile; fileRef = BE747FB622CA798300D071FD /* Profile.storyboard */; };
		BE747FB922CA7A5A00D071FD /* NewActivity.storyboard in Resources */ = {isa = PBXBuildFile; fileRef = BE747FB822CA7A5A00D071FD /* NewActivity.storyboard */; };
		BE747FBB22CAAD9800D071FD /* NewActivityViewController.swift in Sources */ = {isa = PBXBuildFile; fileRef = BE747FBA22CAAD9800D071FD /* NewActivityViewController.swift */; };
		BE747FC322CBD54B00D071FD /* NewActivityTableViewController.swift in Sources */ = {isa = PBXBuildFile; fileRef = BE747FC122CBD54B00D071FD /* NewActivityTableViewController.swift */; };
		BE747FC622CD1E9E00D071FD /* ActivityDetailsDelegate.swift in Sources */ = {isa = PBXBuildFile; fileRef = BE747FC522CD1E9E00D071FD /* ActivityDetailsDelegate.swift */; };
		BE747FC822D53BB300D071FD /* Settings.storyboard in Resources */ = {isa = PBXBuildFile; fileRef = BE747FC722D53BB300D071FD /* Settings.storyboard */; };
		BE747FCA22D53C2600D071FD /* SettingsViewController.swift in Sources */ = {isa = PBXBuildFile; fileRef = BE747FC922D53C2600D071FD /* SettingsViewController.swift */; };
		BE87F794236768DD00A31AC8 /* Constants.swift in Sources */ = {isa = PBXBuildFile; fileRef = BE87F793236768DD00A31AC8 /* Constants.swift */; };
		BEA25001244A76B700086B55 /* StrainInfoVC.swift in Sources */ = {isa = PBXBuildFile; fileRef = BEA25000244A76B700086B55 /* StrainInfoVC.swift */; };
		BEA25004244A77A200086B55 /* BudsStrainTitleLabel.swift in Sources */ = {isa = PBXBuildFile; fileRef = BEA25003244A77A200086B55 /* BudsStrainTitleLabel.swift */; };
		BEA25007244A79E000086B55 /* BudsHeaderImageView.swift in Sources */ = {isa = PBXBuildFile; fileRef = BEA25006244A79E000086B55 /* BudsHeaderImageView.swift */; };
		BEACFF172462149300F705EB /* BudsTitleLabel.swift in Sources */ = {isa = PBXBuildFile; fileRef = BEACFF162462149300F705EB /* BudsTitleLabel.swift */; };
		BEACFF192462F7EC00F705EB /* BudsIconView.swift in Sources */ = {isa = PBXBuildFile; fileRef = BEACFF182462F7EC00F705EB /* BudsIconView.swift */; };
		BEACFF1B24645ED800F705EB /* NewActivityVC.swift in Sources */ = {isa = PBXBuildFile; fileRef = BEACFF1A24645ED800F705EB /* NewActivityVC.swift */; };
		BEACFF1D246463A100F705EB /* NavigationBar+Ext.swift in Sources */ = {isa = PBXBuildFile; fileRef = BEACFF1C246463A100F705EB /* NavigationBar+Ext.swift */; };
		BEACFF1F2464641100F705EB /* String+Ext.swift in Sources */ = {isa = PBXBuildFile; fileRef = BEACFF1E2464641100F705EB /* String+Ext.swift */; };
		BEACFF232464AD9B00F705EB /* TagCell.swift in Sources */ = {isa = PBXBuildFile; fileRef = BEACFF222464AD9B00F705EB /* TagCell.swift */; };
		BEACFF28246B103200F705EB /* HorizontalCollectionView.swift in Sources */ = {isa = PBXBuildFile; fileRef = BEACFF27246B103200F705EB /* HorizontalCollectionView.swift */; };
		BEB7430823326089003B52DE /* CardView.swift in Sources */ = {isa = PBXBuildFile; fileRef = BEB7430723326089003B52DE /* CardView.swift */; };
		BEFB6FF8235B6151008805E5 /* Switcher.swift in Sources */ = {isa = PBXBuildFile; fileRef = BEFB6FF7235B6151008805E5 /* Switcher.swift */; };
/* End PBXBuildFile section */

/* Begin PBXContainerItemProxy section */
		BE41465522BA718D0009A738 /* PBXContainerItemProxy */ = {
			isa = PBXContainerItemProxy;
			containerPortal = BE41463822BA718C0009A738 /* Project object */;
			proxyType = 1;
			remoteGlobalIDString = BE41463F22BA718C0009A738;
			remoteInfo = Buds;
		};
		BE41466022BA718D0009A738 /* PBXContainerItemProxy */ = {
			isa = PBXContainerItemProxy;
			containerPortal = BE41463822BA718C0009A738 /* Project object */;
			proxyType = 1;
			remoteGlobalIDString = BE41463F22BA718C0009A738;
			remoteInfo = Buds;
		};
/* End PBXContainerItemProxy section */

/* Begin PBXFileReference section */
		46662E8F571164C6ADA747E3 /* Pods-BudsTests.debug.xcconfig */ = {isa = PBXFileReference; includeInIndex = 1; lastKnownFileType = text.xcconfig; name = "Pods-BudsTests.debug.xcconfig"; path = "Target Support Files/Pods-BudsTests/Pods-BudsTests.debug.xcconfig"; sourceTree = "<group>"; };
		7E351D0F6FA611EB273D8EA2 /* Pods-Buds.debug.xcconfig */ = {isa = PBXFileReference; includeInIndex = 1; lastKnownFileType = text.xcconfig; name = "Pods-Buds.debug.xcconfig"; path = "Target Support Files/Pods-Buds/Pods-Buds.debug.xcconfig"; sourceTree = "<group>"; };
		7EA768FA78007AABCE0277D1 /* Pods_Buds.framework */ = {isa = PBXFileReference; explicitFileType = wrapper.framework; includeInIndex = 0; path = Pods_Buds.framework; sourceTree = BUILT_PRODUCTS_DIR; };
		9C3180617F4EB170B4724DE5 /* Pods-BudsTests.release.xcconfig */ = {isa = PBXFileReference; includeInIndex = 1; lastKnownFileType = text.xcconfig; name = "Pods-BudsTests.release.xcconfig"; path = "Target Support Files/Pods-BudsTests/Pods-BudsTests.release.xcconfig"; sourceTree = "<group>"; };
		BE00F0CC22FDB9C400B65AB5 /* PlayfairDisplay-BoldItalic.otf */ = {isa = PBXFileReference; lastKnownFileType = file; path = "PlayfairDisplay-BoldItalic.otf"; sourceTree = "<group>"; };
		BE00F0CD22FDB9C400B65AB5 /* PlayfairDisplaySC-BlackItalic.otf */ = {isa = PBXFileReference; lastKnownFileType = file; path = "PlayfairDisplaySC-BlackItalic.otf"; sourceTree = "<group>"; };
		BE00F0CE22FDB9C400B65AB5 /* PlayfairDisplaySC-BoldItalic.otf */ = {isa = PBXFileReference; lastKnownFileType = file; path = "PlayfairDisplaySC-BoldItalic.otf"; sourceTree = "<group>"; };
		BE00F0CF22FDB9C400B65AB5 /* PlayfairDisplaySC-Italic.otf */ = {isa = PBXFileReference; lastKnownFileType = file; path = "PlayfairDisplaySC-Italic.otf"; sourceTree = "<group>"; };
		BE00F0D022FDB9C400B65AB5 /* PlayfairDisplaySC-Regular.otf */ = {isa = PBXFileReference; lastKnownFileType = file; path = "PlayfairDisplaySC-Regular.otf"; sourceTree = "<group>"; };
		BE00F0D122FDB9C400B65AB5 /* PlayfairDisplay-Regular.otf */ = {isa = PBXFileReference; lastKnownFileType = file; path = "PlayfairDisplay-Regular.otf"; sourceTree = "<group>"; };
		BE00F0D222FDB9C400B65AB5 /* PlayfairDisplay-Black.otf */ = {isa = PBXFileReference; lastKnownFileType = file; path = "PlayfairDisplay-Black.otf"; sourceTree = "<group>"; };
		BE00F0D322FDB9C400B65AB5 /* PlayfairDisplay-Italic.otf */ = {isa = PBXFileReference; lastKnownFileType = file; path = "PlayfairDisplay-Italic.otf"; sourceTree = "<group>"; };
		BE00F0D422FDB9C400B65AB5 /* PlayfairDisplay-Bold.otf */ = {isa = PBXFileReference; lastKnownFileType = file; path = "PlayfairDisplay-Bold.otf"; sourceTree = "<group>"; };
		BE00F0D522FDB9C500B65AB5 /* PlayfairDisplay-BlackItalic.otf */ = {isa = PBXFileReference; lastKnownFileType = file; path = "PlayfairDisplay-BlackItalic.otf"; sourceTree = "<group>"; };
		BE00F0D622FDB9C500B65AB5 /* PlayfairDisplaySC-Bold.otf */ = {isa = PBXFileReference; lastKnownFileType = file; path = "PlayfairDisplaySC-Bold.otf"; sourceTree = "<group>"; };
		BE00F0D722FDB9C500B65AB5 /* PlayfairDisplaySC-Black.otf */ = {isa = PBXFileReference; lastKnownFileType = file; path = "PlayfairDisplaySC-Black.otf"; sourceTree = "<group>"; };
		BE00F0E622FDBD1500B65AB5 /* Coves Light.otf */ = {isa = PBXFileReference; lastKnownFileType = file; path = "Coves Light.otf"; sourceTree = "<group>"; };
		BE00F0E722FDBD1500B65AB5 /* Coves Bold.otf */ = {isa = PBXFileReference; lastKnownFileType = file; path = "Coves Bold.otf"; sourceTree = "<group>"; };
		BE00F0EB22FDD59100B65AB5 /* Proxima Nova Alt Thin.otf */ = {isa = PBXFileReference; lastKnownFileType = file; path = "Proxima Nova Alt Thin.otf"; sourceTree = "<group>"; };
		BE00F0EC22FDD59100B65AB5 /* Proxima Nova Regular.otf */ = {isa = PBXFileReference; lastKnownFileType = file; path = "Proxima Nova Regular.otf"; sourceTree = "<group>"; };
		BE00F0ED22FDD59100B65AB5 /* Proxima Nova Alt Bold.otf */ = {isa = PBXFileReference; lastKnownFileType = file; path = "Proxima Nova Alt Bold.otf"; sourceTree = "<group>"; };
		BE00F0EE22FDD59200B65AB5 /* Proxima Nova Black.otf */ = {isa = PBXFileReference; lastKnownFileType = file; path = "Proxima Nova Black.otf"; sourceTree = "<group>"; };
		BE00F0EF22FDD59200B65AB5 /* Proxima Nova Thin.otf */ = {isa = PBXFileReference; lastKnownFileType = file; path = "Proxima Nova Thin.otf"; sourceTree = "<group>"; };
		BE00F0F022FDD59200B65AB5 /* Proxima Nova Alt Light.otf */ = {isa = PBXFileReference; lastKnownFileType = file; path = "Proxima Nova Alt Light.otf"; sourceTree = "<group>"; };
		BE00F0F122FDD59200B65AB5 /* Proxima Nova Bold.otf */ = {isa = PBXFileReference; lastKnownFileType = file; path = "Proxima Nova Bold.otf"; sourceTree = "<group>"; };
		BE00F0F222FDD59200B65AB5 /* Proxima Nova Extrabold.otf */ = {isa = PBXFileReference; lastKnownFileType = file; path = "Proxima Nova Extrabold.otf"; sourceTree = "<group>"; };
		BE02A32222DCEF9A00431854 /* Network.swift */ = {isa = PBXFileReference; lastKnownFileType = sourcecode.swift; path = Network.swift; sourceTree = "<group>"; };
		BE02A32422DE557200431854 /* LocationSearchBarController.swift */ = {isa = PBXFileReference; lastKnownFileType = sourcecode.swift; path = LocationSearchBarController.swift; sourceTree = "<group>"; };
		BE02A32622DE61AB00431854 /* LocationSearchDelegate.swift */ = {isa = PBXFileReference; lastKnownFileType = sourcecode.swift; path = LocationSearchDelegate.swift; sourceTree = "<group>"; };
		BE02A32922DFBC4400431854 /* ActivityFeed.storyboard */ = {isa = PBXFileReference; lastKnownFileType = file.storyboard; path = ActivityFeed.storyboard; sourceTree = "<group>"; };
		BE02A33522E2562000431854 /* ActivityFeedController.swift */ = {isa = PBXFileReference; lastKnownFileType = sourcecode.swift; path = ActivityFeedController.swift; sourceTree = "<group>"; };
		BE02A33922E2572F00431854 /* ActivityFeedCustomCell.xib */ = {isa = PBXFileReference; lastKnownFileType = file.xib; path = ActivityFeedCustomCell.xib; sourceTree = "<group>"; };
		BE02A33B22E2581800431854 /* ActivityFeedCustomCell.swift */ = {isa = PBXFileReference; lastKnownFileType = sourcecode.swift; path = ActivityFeedCustomCell.swift; sourceTree = "<group>"; };
		BE02A33D22E6436600431854 /* NewActivityLocationController.swift */ = {isa = PBXFileReference; lastKnownFileType = sourcecode.swift; path = NewActivityLocationController.swift; sourceTree = "<group>"; };
		BE02A34322E6BD7D00431854 /* TimeHelper.swift */ = {isa = PBXFileReference; lastKnownFileType = sourcecode.swift; path = TimeHelper.swift; sourceTree = "<group>"; };
		BE03D2A622C2676E0059B587 /* WelcomeViewController.swift */ = {isa = PBXFileReference; lastKnownFileType = sourcecode.swift; path = WelcomeViewController.swift; sourceTree = "<group>"; };
		BE03D2A822C269060059B587 /* LogInViewController.swift */ = {isa = PBXFileReference; lastKnownFileType = sourcecode.swift; path = LogInViewController.swift; sourceTree = "<group>"; };
		BE03D2AA22C269730059B587 /* RegisterViewController.swift */ = {isa = PBXFileReference; lastKnownFileType = sourcecode.swift; path = RegisterViewController.swift; sourceTree = "<group>"; };
		BE03D2AC22C548480059B587 /* ProfileViewController.swift */ = {isa = PBXFileReference; lastKnownFileType = sourcecode.swift; path = ProfileViewController.swift; sourceTree = "<group>"; };
		BE0A065722FB6F5F00C41B53 /* ModelController.swift */ = {isa = PBXFileReference; lastKnownFileType = sourcecode.swift; path = ModelController.swift; sourceTree = "<group>"; };
		BE12BA90233A7621009FAD1D /* TableViewCell.swift */ = {isa = PBXFileReference; lastKnownFileType = sourcecode.swift; path = TableViewCell.swift; sourceTree = "<group>"; };
		BE12BA93233BA5CE009FAD1D /* ArvoBoldItalic.ttf */ = {isa = PBXFileReference; lastKnownFileType = file; path = ArvoBoldItalic.ttf; sourceTree = "<group>"; };
		BE12BA94233BA5CE009FAD1D /* ArvoRegular.ttf */ = {isa = PBXFileReference; lastKnownFileType = file; path = ArvoRegular.ttf; sourceTree = "<group>"; };
		BE12BA95233BA5CE009FAD1D /* ArvoItalic.ttf */ = {isa = PBXFileReference; lastKnownFileType = file; path = ArvoItalic.ttf; sourceTree = "<group>"; };
		BE12BA96233BA5CF009FAD1D /* ArvoBold.ttf */ = {isa = PBXFileReference; lastKnownFileType = file; path = ArvoBold.ttf; sourceTree = "<group>"; };
		BE12BA9B233D1CA8009FAD1D /* StrainDetailsViewController.swift */ = {isa = PBXFileReference; lastKnownFileType = sourcecode.swift; path = StrainDetailsViewController.swift; sourceTree = "<group>"; };
		BE2D4C12245CD16D0008D7C6 /* BudsEmptySateView.swift */ = {isa = PBXFileReference; lastKnownFileType = sourcecode.swift; path = BudsEmptySateView.swift; sourceTree = "<group>"; };
		BE2D4C142460A46B0008D7C6 /* ActivityFeedVC.swift */ = {isa = PBXFileReference; lastKnownFileType = sourcecode.swift; path = ActivityFeedVC.swift; sourceTree = "<group>"; };
		BE2D4C162460A7DC0008D7C6 /* BudsAvatarImageView.swift */ = {isa = PBXFileReference; lastKnownFileType = sourcecode.swift; path = BudsAvatarImageView.swift; sourceTree = "<group>"; };
		BE2D4C192460A8660008D7C6 /* NetworkManager.swift */ = {isa = PBXFileReference; lastKnownFileType = sourcecode.swift; path = NetworkManager.swift; sourceTree = "<group>"; };
		BE2D4C1D2461B4370008D7C6 /* Activity.swift */ = {isa = PBXFileReference; lastKnownFileType = sourcecode.swift; path = Activity.swift; sourceTree = "<group>"; };
		BE2D4C1F2461B7100008D7C6 /* ActivityCell.swift */ = {isa = PBXFileReference; lastKnownFileType = sourcecode.swift; path = ActivityCell.swift; sourceTree = "<group>"; };
		BE2D4C212461B97C0008D7C6 /* BudsSecondaryLabel.swift */ = {isa = PBXFileReference; lastKnownFileType = sourcecode.swift; path = BudsSecondaryLabel.swift; sourceTree = "<group>"; };
		BE2F42AB2373606500D6BDF0 /* Search.storyboard */ = {isa = PBXFileReference; lastKnownFileType = file.storyboard; path = Search.storyboard; sourceTree = "<group>"; };
		BE41464022BA718C0009A738 /* Buds.app */ = {isa = PBXFileReference; explicitFileType = wrapper.application; includeInIndex = 0; path = Buds.app; sourceTree = BUILT_PRODUCTS_DIR; };
		BE41464322BA718C0009A738 /* AppDelegate.swift */ = {isa = PBXFileReference; lastKnownFileType = sourcecode.swift; path = AppDelegate.swift; sourceTree = "<group>"; };
		BE41464822BA718C0009A738 /* Base */ = {isa = PBXFileReference; lastKnownFileType = file.storyboard; name = Base; path = Base.lproj/Main.storyboard; sourceTree = "<group>"; };
		BE41464A22BA718D0009A738 /* Assets.xcassets */ = {isa = PBXFileReference; lastKnownFileType = folder.assetcatalog; path = Assets.xcassets; sourceTree = "<group>"; };
		BE41464D22BA718D0009A738 /* Base */ = {isa = PBXFileReference; lastKnownFileType = file.storyboard; name = Base; path = Base.lproj/LaunchScreen.storyboard; sourceTree = "<group>"; };
		BE41464F22BA718D0009A738 /* Info.plist */ = {isa = PBXFileReference; lastKnownFileType = text.plist.xml; path = Info.plist; sourceTree = "<group>"; };
		BE41465422BA718D0009A738 /* BudsTests.xctest */ = {isa = PBXFileReference; explicitFileType = wrapper.cfbundle; includeInIndex = 0; path = BudsTests.xctest; sourceTree = BUILT_PRODUCTS_DIR; };
		BE41465822BA718D0009A738 /* BudsTests.swift */ = {isa = PBXFileReference; lastKnownFileType = sourcecode.swift; path = BudsTests.swift; sourceTree = "<group>"; };
		BE41465A22BA718D0009A738 /* Info.plist */ = {isa = PBXFileReference; lastKnownFileType = text.plist.xml; path = Info.plist; sourceTree = "<group>"; };
		BE41465F22BA718D0009A738 /* BudsUITests.xctest */ = {isa = PBXFileReference; explicitFileType = wrapper.cfbundle; includeInIndex = 0; path = BudsUITests.xctest; sourceTree = BUILT_PRODUCTS_DIR; };
		BE41466322BA718D0009A738 /* BudsUITests.swift */ = {isa = PBXFileReference; lastKnownFileType = sourcecode.swift; path = BudsUITests.swift; sourceTree = "<group>"; };
		BE41466522BA718D0009A738 /* Info.plist */ = {isa = PBXFileReference; lastKnownFileType = text.plist.xml; path = Info.plist; sourceTree = "<group>"; };
		BE41467422BA91670009A738 /* Person.swift */ = {isa = PBXFileReference; lastKnownFileType = sourcecode.swift; name = Person.swift; path = Buds/Model/Person/Person.swift; sourceTree = SOURCE_ROOT; };
		BE41467C22BA9CE50009A738 /* Birthday.swift */ = {isa = PBXFileReference; lastKnownFileType = sourcecode.swift; path = Birthday.swift; sourceTree = "<group>"; };
		BE41467E22BA9E180009A738 /* Location.swift */ = {isa = PBXFileReference; lastKnownFileType = sourcecode.swift; path = Location.swift; sourceTree = "<group>"; };
		BE41468022BAD6A00009A738 /* GoogleService-Info.plist */ = {isa = PBXFileReference; fileEncoding = 4; lastKnownFileType = text.plist.xml; path = "GoogleService-Info.plist"; sourceTree = "<group>"; };
		BE4795DF237DD99200FB0874 /* NewActivityStrainViewController.swift */ = {isa = PBXFileReference; lastKnownFileType = sourcecode.swift; path = NewActivityStrainViewController.swift; sourceTree = "<group>"; };
		BE58381C237CE4F9002160B8 /* NewActivityEffectsViewController.swift */ = {isa = PBXFileReference; lastKnownFileType = sourcecode.swift; path = NewActivityEffectsViewController.swift; sourceTree = "<group>"; };
		BE58DEBC24537275003A4239 /* SearchVC.swift */ = {isa = PBXFileReference; lastKnownFileType = sourcecode.swift; path = SearchVC.swift; sourceTree = "<group>"; };
		BE58DEBE245374A1003A4239 /* UIHelper.swift */ = {isa = PBXFileReference; lastKnownFileType = sourcecode.swift; path = UIHelper.swift; sourceTree = "<group>"; };
		BE58DEC124537735003A4239 /* StrainCell.swift */ = {isa = PBXFileReference; lastKnownFileType = sourcecode.swift; path = StrainCell.swift; sourceTree = "<group>"; };
		BE58DEC424537A68003A4239 /* UIView+Ext.swift */ = {isa = PBXFileReference; lastKnownFileType = sourcecode.swift; path = "UIView+Ext.swift"; sourceTree = "<group>"; };
		BE58DEC6245390EF003A4239 /* BudsStrainImageView.swift */ = {isa = PBXFileReference; lastKnownFileType = sourcecode.swift; path = BudsStrainImageView.swift; sourceTree = "<group>"; };
		BE604D76237369580026ECDA /* SearchViewController.swift */ = {isa = PBXFileReference; lastKnownFileType = sourcecode.swift; path = SearchViewController.swift; sourceTree = "<group>"; };
		BE604D7823747E3C0026ECDA /* TabBar.storyboard */ = {isa = PBXFileReference; lastKnownFileType = file.storyboard; path = TabBar.storyboard; sourceTree = "<group>"; };
		BE6726062386129600261DB5 /* StrainJSON.swift */ = {isa = PBXFileReference; lastKnownFileType = sourcecode.swift; path = StrainJSON.swift; sourceTree = "<group>"; };
		BE67260823884E8300261DB5 /* StrainInfoViewController.swift */ = {isa = PBXFileReference; lastKnownFileType = sourcecode.swift; path = StrainInfoViewController.swift; sourceTree = "<group>"; };
		BE6B71A7244F9B75007BFB23 /* BudsBodyLabel.swift */ = {isa = PBXFileReference; lastKnownFileType = sourcecode.swift; path = BudsBodyLabel.swift; sourceTree = "<group>"; };
		BE6B71AA244F9F6A007BFB23 /* BudsDataLoadingVC.swift */ = {isa = PBXFileReference; lastKnownFileType = sourcecode.swift; path = BudsDataLoadingVC.swift; sourceTree = "<group>"; };
		BE747FB622CA798300D071FD /* Profile.storyboard */ = {isa = PBXFileReference; fileEncoding = 4; lastKnownFileType = file.storyboard; path = Profile.storyboard; sourceTree = "<group>"; };
		BE747FB822CA7A5A00D071FD /* NewActivity.storyboard */ = {isa = PBXFileReference; lastKnownFileType = file.storyboard; path = NewActivity.storyboard; sourceTree = "<group>"; };
		BE747FBA22CAAD9800D071FD /* NewActivityViewController.swift */ = {isa = PBXFileReference; lastKnownFileType = sourcecode.swift; path = NewActivityViewController.swift; sourceTree = "<group>"; };
		BE747FC122CBD54B00D071FD /* NewActivityTableViewController.swift */ = {isa = PBXFileReference; lastKnownFileType = sourcecode.swift; path = NewActivityTableViewController.swift; sourceTree = "<group>"; };
		BE747FC522CD1E9E00D071FD /* ActivityDetailsDelegate.swift */ = {isa = PBXFileReference; lastKnownFileType = sourcecode.swift; path = ActivityDetailsDelegate.swift; sourceTree = "<group>"; };
		BE747FC722D53BB300D071FD /* Settings.storyboard */ = {isa = PBXFileReference; lastKnownFileType = file.storyboard; path = Settings.storyboard; sourceTree = "<group>"; };
		BE747FC922D53C2600D071FD /* SettingsViewController.swift */ = {isa = PBXFileReference; lastKnownFileType = sourcecode.swift; path = SettingsViewController.swift; sourceTree = "<group>"; };
		BE87F793236768DD00A31AC8 /* Constants.swift */ = {isa = PBXFileReference; lastKnownFileType = sourcecode.swift; path = Constants.swift; sourceTree = "<group>"; };
		BEA25000244A76B700086B55 /* StrainInfoVC.swift */ = {isa = PBXFileReference; lastKnownFileType = sourcecode.swift; path = StrainInfoVC.swift; sourceTree = "<group>"; };
		BEA25003244A77A200086B55 /* BudsStrainTitleLabel.swift */ = {isa = PBXFileReference; lastKnownFileType = sourcecode.swift; path = BudsStrainTitleLabel.swift; sourceTree = "<group>"; };
		BEA25006244A79E000086B55 /* BudsHeaderImageView.swift */ = {isa = PBXFileReference; lastKnownFileType = sourcecode.swift; path = BudsHeaderImageView.swift; sourceTree = "<group>"; };
		BEACFF162462149300F705EB /* BudsTitleLabel.swift */ = {isa = PBXFileReference; lastKnownFileType = sourcecode.swift; path = BudsTitleLabel.swift; sourceTree = "<group>"; };
		BEACFF182462F7EC00F705EB /* BudsIconView.swift */ = {isa = PBXFileReference; lastKnownFileType = sourcecode.swift; path = BudsIconView.swift; sourceTree = "<group>"; };
		BEACFF1A24645ED800F705EB /* NewActivityVC.swift */ = {isa = PBXFileReference; lastKnownFileType = sourcecode.swift; path = NewActivityVC.swift; sourceTree = "<group>"; };
		BEACFF1C246463A100F705EB /* NavigationBar+Ext.swift */ = {isa = PBXFileReference; lastKnownFileType = sourcecode.swift; path = "NavigationBar+Ext.swift"; sourceTree = "<group>"; };
		BEACFF1E2464641100F705EB /* String+Ext.swift */ = {isa = PBXFileReference; lastKnownFileType = sourcecode.swift; path = "String+Ext.swift"; sourceTree = "<group>"; };
		BEACFF222464AD9B00F705EB /* TagCell.swift */ = {isa = PBXFileReference; lastKnownFileType = sourcecode.swift; path = TagCell.swift; sourceTree = "<group>"; };
		BEACFF27246B103200F705EB /* HorizontalCollectionView.swift */ = {isa = PBXFileReference; lastKnownFileType = sourcecode.swift; path = HorizontalCollectionView.swift; sourceTree = "<group>"; };
		BEB7430723326089003B52DE /* CardView.swift */ = {isa = PBXFileReference; lastKnownFileType = sourcecode.swift; path = CardView.swift; sourceTree = "<group>"; };
		BEFB6FF7235B6151008805E5 /* Switcher.swift */ = {isa = PBXFileReference; lastKnownFileType = sourcecode.swift; path = Switcher.swift; sourceTree = "<group>"; };
		DFBCFB9F69836A8C3EBC2D7A /* Pods_BudsTests.framework */ = {isa = PBXFileReference; explicitFileType = wrapper.framework; includeInIndex = 0; path = Pods_BudsTests.framework; sourceTree = BUILT_PRODUCTS_DIR; };
		EAF0EC6C295759166884503B /* Pods-Buds.release.xcconfig */ = {isa = PBXFileReference; includeInIndex = 1; lastKnownFileType = text.xcconfig; name = "Pods-Buds.release.xcconfig"; path = "Target Support Files/Pods-Buds/Pods-Buds.release.xcconfig"; sourceTree = "<group>"; };
/* End PBXFileReference section */

/* Begin PBXFrameworksBuildPhase section */
		BE41463D22BA718C0009A738 /* Frameworks */ = {
			isa = PBXFrameworksBuildPhase;
			buildActionMask = 2147483647;
			files = (
				85A6D5809D0DA09E96B17762 /* Pods_Buds.framework in Frameworks */,
			);
			runOnlyForDeploymentPostprocessing = 0;
		};
		BE41465122BA718D0009A738 /* Frameworks */ = {
			isa = PBXFrameworksBuildPhase;
			buildActionMask = 2147483647;
			files = (
				58B3276996D45E7F9EFB49EE /* Pods_BudsTests.framework in Frameworks */,
			);
			runOnlyForDeploymentPostprocessing = 0;
		};
		BE41465C22BA718D0009A738 /* Frameworks */ = {
			isa = PBXFrameworksBuildPhase;
			buildActionMask = 2147483647;
			files = (
			);
			runOnlyForDeploymentPostprocessing = 0;
		};
/* End PBXFrameworksBuildPhase section */

/* Begin PBXGroup section */
		3464F4B97218F2A65EB8AB80 /* Frameworks */ = {
			isa = PBXGroup;
			children = (
				7EA768FA78007AABCE0277D1 /* Pods_Buds.framework */,
				DFBCFB9F69836A8C3EBC2D7A /* Pods_BudsTests.framework */,
			);
			name = Frameworks;
			sourceTree = "<group>";
		};
		4F3E63D368B62A921E2A8436 /* Pods */ = {
			isa = PBXGroup;
			children = (
				7E351D0F6FA611EB273D8EA2 /* Pods-Buds.debug.xcconfig */,
				EAF0EC6C295759166884503B /* Pods-Buds.release.xcconfig */,
				46662E8F571164C6ADA747E3 /* Pods-BudsTests.debug.xcconfig */,
				9C3180617F4EB170B4724DE5 /* Pods-BudsTests.release.xcconfig */,
			);
			path = Pods;
			sourceTree = "<group>";
		};
		BE00F0CB22FDB92600B65AB5 /* Resources */ = {
			isa = PBXGroup;
			children = (
				BE12BA92233BA59A009FAD1D /* Arvo */,
				BE00F0EA22FDD58300B65AB5 /* Proxima Nova */,
				BE00F0E522FDBD0800B65AB5 /* Coves */,
				BE00F0E422FDBCF600B65AB5 /* PlayfairDisplay */,
			);
			path = Resources;
			sourceTree = "<group>";
		};
		BE00F0E422FDBCF600B65AB5 /* PlayfairDisplay */ = {
			isa = PBXGroup;
			children = (
				BE00F0D222FDB9C400B65AB5 /* PlayfairDisplay-Black.otf */,
				BE00F0D522FDB9C500B65AB5 /* PlayfairDisplay-BlackItalic.otf */,
				BE00F0D422FDB9C400B65AB5 /* PlayfairDisplay-Bold.otf */,
				BE00F0CC22FDB9C400B65AB5 /* PlayfairDisplay-BoldItalic.otf */,
				BE00F0D322FDB9C400B65AB5 /* PlayfairDisplay-Italic.otf */,
				BE00F0D122FDB9C400B65AB5 /* PlayfairDisplay-Regular.otf */,
				BE00F0D722FDB9C500B65AB5 /* PlayfairDisplaySC-Black.otf */,
				BE00F0CD22FDB9C400B65AB5 /* PlayfairDisplaySC-BlackItalic.otf */,
				BE00F0D622FDB9C500B65AB5 /* PlayfairDisplaySC-Bold.otf */,
				BE00F0CE22FDB9C400B65AB5 /* PlayfairDisplaySC-BoldItalic.otf */,
				BE00F0CF22FDB9C400B65AB5 /* PlayfairDisplaySC-Italic.otf */,
				BE00F0D022FDB9C400B65AB5 /* PlayfairDisplaySC-Regular.otf */,
			);
			path = PlayfairDisplay;
			sourceTree = "<group>";
		};
		BE00F0E522FDBD0800B65AB5 /* Coves */ = {
			isa = PBXGroup;
			children = (
				BE00F0E722FDBD1500B65AB5 /* Coves Bold.otf */,
				BE00F0E622FDBD1500B65AB5 /* Coves Light.otf */,
			);
			path = Coves;
			sourceTree = "<group>";
		};
		BE00F0EA22FDD58300B65AB5 /* Proxima Nova */ = {
			isa = PBXGroup;
			children = (
				BE00F0ED22FDD59100B65AB5 /* Proxima Nova Alt Bold.otf */,
				BE00F0F022FDD59200B65AB5 /* Proxima Nova Alt Light.otf */,
				BE00F0EB22FDD59100B65AB5 /* Proxima Nova Alt Thin.otf */,
				BE00F0EE22FDD59200B65AB5 /* Proxima Nova Black.otf */,
				BE00F0F122FDD59200B65AB5 /* Proxima Nova Bold.otf */,
				BE00F0F222FDD59200B65AB5 /* Proxima Nova Extrabold.otf */,
				BE00F0EF22FDD59200B65AB5 /* Proxima Nova Thin.otf */,
				BE00F0EC22FDD59100B65AB5 /* Proxima Nova Regular.otf */,
			);
			path = "Proxima Nova";
			sourceTree = "<group>";
		};
		BE02A32D22DFBD8100431854 /* Profile Tab */ = {
			isa = PBXGroup;
			children = (
				BE03D2AC22C548480059B587 /* ProfileViewController.swift */,
				BEB7430723326089003B52DE /* CardView.swift */,
				BE12BA90233A7621009FAD1D /* TableViewCell.swift */,
				BE12BA9B233D1CA8009FAD1D /* StrainDetailsViewController.swift */,
			);
			path = "Profile Tab";
			sourceTree = "<group>";
		};
		BE02A32E22DFBD9800431854 /* Main Tab */ = {
			isa = PBXGroup;
			children = (
				BE03D2A822C269060059B587 /* LogInViewController.swift */,
				BE03D2AA22C269730059B587 /* RegisterViewController.swift */,
				BE03D2A622C2676E0059B587 /* WelcomeViewController.swift */,
				BE02A32622DE61AB00431854 /* LocationSearchDelegate.swift */,
				BE02A32422DE557200431854 /* LocationSearchBarController.swift */,
			);
			path = "Main Tab";
			sourceTree = "<group>";
		};
		BE02A32F22DFBDA900431854 /* Activity Tab */ = {
			isa = PBXGroup;
			children = (
				BE747FBA22CAAD9800D071FD /* NewActivityViewController.swift */,
				BE02A33D22E6436600431854 /* NewActivityLocationController.swift */,
				BE747FC122CBD54B00D071FD /* NewActivityTableViewController.swift */,
				BE747FC522CD1E9E00D071FD /* ActivityDetailsDelegate.swift */,
				BE58381C237CE4F9002160B8 /* NewActivityEffectsViewController.swift */,
				BE4795DF237DD99200FB0874 /* NewActivityStrainViewController.swift */,
			);
			path = "Activity Tab";
			sourceTree = "<group>";
		};
		BE02A33022DFBDB000431854 /* ActivityFeed Tab */ = {
			isa = PBXGroup;
			children = (
				BE02A33522E2562000431854 /* ActivityFeedController.swift */,
				BE02A33922E2572F00431854 /* ActivityFeedCustomCell.xib */,
				BE02A33B22E2581800431854 /* ActivityFeedCustomCell.swift */,
			);
			path = "ActivityFeed Tab";
			sourceTree = "<group>";
		};
		BE02A33122DFBDBC00431854 /* Settings Tab */ = {
			isa = PBXGroup;
			children = (
				BE747FC922D53C2600D071FD /* SettingsViewController.swift */,
			);
			path = "Settings Tab";
			sourceTree = "<group>";
		};
		BE03D2A422C124A70059B587 /* View */ = {
			isa = PBXGroup;
			children = (
				BE747FB622CA798300D071FD /* Profile.storyboard */,
				BE41464722BA718C0009A738 /* Main.storyboard */,
				BE747FB822CA7A5A00D071FD /* NewActivity.storyboard */,
				BE02A32922DFBC4400431854 /* ActivityFeed.storyboard */,
				BE747FC722D53BB300D071FD /* Settings.storyboard */,
				BE2F42AB2373606500D6BDF0 /* Search.storyboard */,
				BE604D7823747E3C0026ECDA /* TabBar.storyboard */,
			);
			path = View;
			sourceTree = "<group>";
		};
		BE03D2A522C267410059B587 /* Controller */ = {
			isa = PBXGroup;
			children = (
				BE67DDE72373647400378901 /* Search Tab */,
				BE02A33122DFBDBC00431854 /* Settings Tab */,
				BE02A33022DFBDB000431854 /* ActivityFeed Tab */,
				BE02A32F22DFBDA900431854 /* Activity Tab */,
				BE02A32E22DFBD9800431854 /* Main Tab */,
				BE02A32D22DFBD8100431854 /* Profile Tab */,
			);
			path = Controller;
			sourceTree = "<group>";
		};
		BE12BA92233BA59A009FAD1D /* Arvo */ = {
			isa = PBXGroup;
			children = (
				BE12BA96233BA5CF009FAD1D /* ArvoBold.ttf */,
				BE12BA93233BA5CE009FAD1D /* ArvoBoldItalic.ttf */,
				BE12BA95233BA5CE009FAD1D /* ArvoItalic.ttf */,
				BE12BA94233BA5CE009FAD1D /* ArvoRegular.ttf */,
			);
			path = Arvo;
			sourceTree = "<group>";
		};
		BE2D4C11245CD15B0008D7C6 /* Views */ = {
			isa = PBXGroup;
			children = (
				BE2D4C12245CD16D0008D7C6 /* BudsEmptySateView.swift */,
				BEACFF182462F7EC00F705EB /* BudsIconView.swift */,
			);
			path = Views;
			sourceTree = "<group>";
		};
		BE2D4C182460A84E0008D7C6 /* Managers */ = {
			isa = PBXGroup;
			children = (
				BE2D4C192460A8660008D7C6 /* NetworkManager.swift */,
			);
			path = Managers;
			sourceTree = "<group>";
		};
		BE41463722BA718C0009A738 = {
			isa = PBXGroup;
			children = (
				BE41464222BA718C0009A738 /* Buds */,
				BE41465722BA718D0009A738 /* BudsTests */,
				BE41466222BA718D0009A738 /* BudsUITests */,
				BE41464122BA718C0009A738 /* Products */,
				4F3E63D368B62A921E2A8436 /* Pods */,
				3464F4B97218F2A65EB8AB80 /* Frameworks */,
			);
			sourceTree = "<group>";
		};
		BE41464122BA718C0009A738 /* Products */ = {
			isa = PBXGroup;
			children = (
				BE41464022BA718C0009A738 /* Buds.app */,
				BE41465422BA718D0009A738 /* BudsTests.xctest */,
				BE41465F22BA718D0009A738 /* BudsUITests.xctest */,
			);
			name = Products;
			sourceTree = "<group>";
		};
		BE41464222BA718C0009A738 /* Buds */ = {
			isa = PBXGroup;
			children = (
				BE2D4C182460A84E0008D7C6 /* Managers */,
				BE58DEC324537A48003A4239 /* Extensions */,
				BE6C717C24536C2700FC5CFB /* Utilities */,
				BEA25002244A778E00086B55 /* Custom Views */,
				BEA24FFF244A767C00086B55 /* Screens */,
				BE03D2A522C267410059B587 /* Controller */,
				BE03D2A422C124A70059B587 /* View */,
				BE41467122BA8F5F0009A738 /* Model */,
				BE41464322BA718C0009A738 /* AppDelegate.swift */,
				BE41464A22BA718D0009A738 /* Assets.xcassets */,
				BE41464C22BA718D0009A738 /* LaunchScreen.storyboard */,
				BE41464F22BA718D0009A738 /* Info.plist */,
				BE41468022BAD6A00009A738 /* GoogleService-Info.plist */,
				BE00F0CB22FDB92600B65AB5 /* Resources */,
			);
			path = Buds;
			sourceTree = "<group>";
		};
		BE41465722BA718D0009A738 /* BudsTests */ = {
			isa = PBXGroup;
			children = (
				BE41465822BA718D0009A738 /* BudsTests.swift */,
				BE41465A22BA718D0009A738 /* Info.plist */,
			);
			path = BudsTests;
			sourceTree = "<group>";
		};
		BE41466222BA718D0009A738 /* BudsUITests */ = {
			isa = PBXGroup;
			children = (
				BE41466322BA718D0009A738 /* BudsUITests.swift */,
				BE41466522BA718D0009A738 /* Info.plist */,
			);
			path = BudsUITests;
			sourceTree = "<group>";
		};
		BE41467122BA8F5F0009A738 /* Model */ = {
			isa = PBXGroup;
			children = (
				BE41467222BA8F700009A738 /* Person */,
				BE02A32222DCEF9A00431854 /* Network.swift */,
				BE02A34322E6BD7D00431854 /* TimeHelper.swift */,
				BEFB6FF7235B6151008805E5 /* Switcher.swift */,
				BE0A065722FB6F5F00C41B53 /* ModelController.swift */,
				BE6726062386129600261DB5 /* StrainJSON.swift */,
				BE2D4C1D2461B4370008D7C6 /* Activity.swift */,
			);
			path = Model;
			sourceTree = "<group>";
		};
		BE41467222BA8F700009A738 /* Person */ = {
			isa = PBXGroup;
			children = (
				BE41467422BA91670009A738 /* Person.swift */,
				BE41467C22BA9CE50009A738 /* Birthday.swift */,
				BE41467E22BA9E180009A738 /* Location.swift */,
			);
			path = Person;
			sourceTree = "<group>";
		};
		BE58DEC024537712003A4239 /* Cells */ = {
			isa = PBXGroup;
			children = (
				BE58DEC124537735003A4239 /* StrainCell.swift */,
				BE2D4C1F2461B7100008D7C6 /* ActivityCell.swift */,
				BEACFF222464AD9B00F705EB /* TagCell.swift */,
			);
			path = Cells;
			sourceTree = "<group>";
		};
		BE58DEC324537A48003A4239 /* Extensions */ = {
			isa = PBXGroup;
			children = (
				BE58DEC424537A68003A4239 /* UIView+Ext.swift */,
				BEACFF1C246463A100F705EB /* NavigationBar+Ext.swift */,
				BEACFF1E2464641100F705EB /* String+Ext.swift */,
			);
			path = Extensions;
			sourceTree = "<group>";
		};
		BE58DEC82453910C003A4239 /* ImageViews */ = {
			isa = PBXGroup;
			children = (
				BE58DEC6245390EF003A4239 /* BudsStrainImageView.swift */,
				BEA25006244A79E000086B55 /* BudsHeaderImageView.swift */,
				BE2D4C162460A7DC0008D7C6 /* BudsAvatarImageView.swift */,
			);
			path = ImageViews;
			sourceTree = "<group>";
		};
		BE67DDE72373647400378901 /* Search Tab */ = {
			isa = PBXGroup;
			children = (
				BE604D76237369580026ECDA /* SearchViewController.swift */,
				BE67260823884E8300261DB5 /* StrainInfoViewController.swift */,
			);
			path = "Search Tab";
			sourceTree = "<group>";
		};
		BE6B71A9244F9F56007BFB23 /* ViewControllers */ = {
			isa = PBXGroup;
			children = (
				BE6B71AA244F9F6A007BFB23 /* BudsDataLoadingVC.swift */,
			);
			path = ViewControllers;
			sourceTree = "<group>";
		};
		BE6C717C24536C2700FC5CFB /* Utilities */ = {
			isa = PBXGroup;
			children = (
				BE87F793236768DD00A31AC8 /* Constants.swift */,
				BE58DEBE245374A1003A4239 /* UIHelper.swift */,
			);
			path = Utilities;
			sourceTree = "<group>";
		};
		BEA24FFF244A767C00086B55 /* Screens */ = {
			isa = PBXGroup;
			children = (
				BEA25000244A76B700086B55 /* StrainInfoVC.swift */,
				BE58DEBC24537275003A4239 /* SearchVC.swift */,
				BE2D4C142460A46B0008D7C6 /* ActivityFeedVC.swift */,
				BEACFF1A24645ED800F705EB /* NewActivityVC.swift */,
			);
			path = Screens;
			sourceTree = "<group>";
		};
		BEA25002244A778E00086B55 /* Custom Views */ = {
			isa = PBXGroup;
			children = (
				BEACFF26246B101800F705EB /* CollectionViews */,
				BE2D4C11245CD15B0008D7C6 /* Views */,
				BE58DEC82453910C003A4239 /* ImageViews */,
				BE58DEC024537712003A4239 /* Cells */,
				BE6B71A9244F9F56007BFB23 /* ViewControllers */,
				BEA25005244A79AA00086B55 /* Labels */,
			);
			path = "Custom Views";
			sourceTree = "<group>";
		};
		BEA25005244A79AA00086B55 /* Labels */ = {
			isa = PBXGroup;
			children = (
				BEA25003244A77A200086B55 /* BudsStrainTitleLabel.swift */,
				BE6B71A7244F9B75007BFB23 /* BudsBodyLabel.swift */,
				BE2D4C212461B97C0008D7C6 /* BudsSecondaryLabel.swift */,
				BEACFF162462149300F705EB /* BudsTitleLabel.swift */,
			);
			path = Labels;
			sourceTree = "<group>";
		};
		BEACFF26246B101800F705EB /* CollectionViews */ = {
			isa = PBXGroup;
			children = (
				BEACFF27246B103200F705EB /* HorizontalCollectionView.swift */,
			);
			path = CollectionViews;
			sourceTree = "<group>";
		};
/* End PBXGroup section */

/* Begin PBXNativeTarget section */
		BE41463F22BA718C0009A738 /* Buds */ = {
			isa = PBXNativeTarget;
			buildConfigurationList = BE41466822BA718D0009A738 /* Build configuration list for PBXNativeTarget "Buds" */;
			buildPhases = (
				3464F03687F829C0C374E93F /* [CP] Check Pods Manifest.lock */,
				BE41463C22BA718C0009A738 /* Sources */,
				BE41463D22BA718C0009A738 /* Frameworks */,
				BE41463E22BA718C0009A738 /* Resources */,
				F1576903466689382E1E477F /* [CP] Embed Pods Frameworks */,
			);
			buildRules = (
			);
			dependencies = (
			);
			name = Buds;
			productName = Buds;
			productReference = BE41464022BA718C0009A738 /* Buds.app */;
			productType = "com.apple.product-type.application";
		};
		BE41465322BA718D0009A738 /* BudsTests */ = {
			isa = PBXNativeTarget;
			buildConfigurationList = BE41466B22BA718D0009A738 /* Build configuration list for PBXNativeTarget "BudsTests" */;
			buildPhases = (
				98B0966F8B920FC66389E285 /* [CP] Check Pods Manifest.lock */,
				BE41465022BA718D0009A738 /* Sources */,
				BE41465122BA718D0009A738 /* Frameworks */,
				BE41465222BA718D0009A738 /* Resources */,
				70F9CE3E2143A2D07840C62E /* [CP] Embed Pods Frameworks */,
			);
			buildRules = (
			);
			dependencies = (
				BE41465622BA718D0009A738 /* PBXTargetDependency */,
			);
			name = BudsTests;
			productName = BudsTests;
			productReference = BE41465422BA718D0009A738 /* BudsTests.xctest */;
			productType = "com.apple.product-type.bundle.unit-test";
		};
		BE41465E22BA718D0009A738 /* BudsUITests */ = {
			isa = PBXNativeTarget;
			buildConfigurationList = BE41466E22BA718D0009A738 /* Build configuration list for PBXNativeTarget "BudsUITests" */;
			buildPhases = (
				BE41465B22BA718D0009A738 /* Sources */,
				BE41465C22BA718D0009A738 /* Frameworks */,
				BE41465D22BA718D0009A738 /* Resources */,
			);
			buildRules = (
			);
			dependencies = (
				BE41466122BA718D0009A738 /* PBXTargetDependency */,
			);
			name = BudsUITests;
			productName = BudsUITests;
			productReference = BE41465F22BA718D0009A738 /* BudsUITests.xctest */;
			productType = "com.apple.product-type.bundle.ui-testing";
		};
/* End PBXNativeTarget section */

/* Begin PBXProject section */
		BE41463822BA718C0009A738 /* Project object */ = {
			isa = PBXProject;
			attributes = {
				LastSwiftUpdateCheck = 1020;
				LastUpgradeCheck = 1020;
				ORGANIZATIONNAME = "Collin Browse";
				TargetAttributes = {
					BE41463F22BA718C0009A738 = {
						CreatedOnToolsVersion = 10.2.1;
					};
					BE41465322BA718D0009A738 = {
						CreatedOnToolsVersion = 10.2.1;
						TestTargetID = BE41463F22BA718C0009A738;
					};
					BE41465E22BA718D0009A738 = {
						CreatedOnToolsVersion = 10.2.1;
						TestTargetID = BE41463F22BA718C0009A738;
					};
				};
			};
			buildConfigurationList = BE41463B22BA718C0009A738 /* Build configuration list for PBXProject "Buds" */;
			compatibilityVersion = "Xcode 9.3";
			developmentRegion = en;
			hasScannedForEncodings = 0;
			knownRegions = (
				en,
				Base,
			);
			mainGroup = BE41463722BA718C0009A738;
			productRefGroup = BE41464122BA718C0009A738 /* Products */;
			projectDirPath = "";
			projectRoot = "";
			targets = (
				BE41463F22BA718C0009A738 /* Buds */,
				BE41465322BA718D0009A738 /* BudsTests */,
				BE41465E22BA718D0009A738 /* BudsUITests */,
			);
		};
/* End PBXProject section */

/* Begin PBXResourcesBuildPhase section */
		BE41463E22BA718C0009A738 /* Resources */ = {
			isa = PBXResourcesBuildPhase;
			buildActionMask = 2147483647;
			files = (
				BE00F0F322FDD59200B65AB5 /* Proxima Nova Alt Thin.otf in Resources */,
				BE41464E22BA718D0009A738 /* LaunchScreen.storyboard in Resources */,
				BE747FB922CA7A5A00D071FD /* NewActivity.storyboard in Resources */,
				BE00F0E322FDB9C500B65AB5 /* PlayfairDisplaySC-Black.otf in Resources */,
				BE00F0F422FDD59200B65AB5 /* Proxima Nova Regular.otf in Resources */,
				BE00F0F622FDD59200B65AB5 /* Proxima Nova Black.otf in Resources */,
				BE41468122BAD6A00009A738 /* GoogleService-Info.plist in Resources */,
				BE12BA98233BA5CF009FAD1D /* ArvoRegular.ttf in Resources */,
				BE00F0F522FDD59200B65AB5 /* Proxima Nova Alt Bold.otf in Resources */,
				BE747FC822D53BB300D071FD /* Settings.storyboard in Resources */,
				BE00F0F922FDD59200B65AB5 /* Proxima Nova Bold.otf in Resources */,
				BE00F0F822FDD59200B65AB5 /* Proxima Nova Alt Light.otf in Resources */,
				BE41464B22BA718D0009A738 /* Assets.xcassets in Resources */,
				BE00F0DD22FDB9C500B65AB5 /* PlayfairDisplay-Regular.otf in Resources */,
				BE00F0DF22FDB9C500B65AB5 /* PlayfairDisplay-Italic.otf in Resources */,
				BE00F0E822FDBD1500B65AB5 /* Coves Light.otf in Resources */,
				BE00F0E122FDB9C500B65AB5 /* PlayfairDisplay-BlackItalic.otf in Resources */,
				BE747FB722CA798300D071FD /* Profile.storyboard in Resources */,
				BE00F0DA22FDB9C500B65AB5 /* PlayfairDisplaySC-BoldItalic.otf in Resources */,
				BE604D7923747E3C0026ECDA /* TabBar.storyboard in Resources */,
				BE00F0DE22FDB9C500B65AB5 /* PlayfairDisplay-Black.otf in Resources */,
				BE00F0D922FDB9C500B65AB5 /* PlayfairDisplaySC-BlackItalic.otf in Resources */,
				BE00F0E022FDB9C500B65AB5 /* PlayfairDisplay-Bold.otf in Resources */,
				BE12BA99233BA5CF009FAD1D /* ArvoItalic.ttf in Resources */,
				BE00F0FA22FDD59200B65AB5 /* Proxima Nova Extrabold.otf in Resources */,
				BE2F42AC2373606500D6BDF0 /* Search.storyboard in Resources */,
				BE02A33A22E2572F00431854 /* ActivityFeedCustomCell.xib in Resources */,
				BE00F0DC22FDB9C500B65AB5 /* PlayfairDisplaySC-Regular.otf in Resources */,
				BE00F0D822FDB9C500B65AB5 /* PlayfairDisplay-BoldItalic.otf in Resources */,
				BE41464922BA718C0009A738 /* Main.storyboard in Resources */,
				BE00F0DB22FDB9C500B65AB5 /* PlayfairDisplaySC-Italic.otf in Resources */,
				BE00F0E922FDBD1500B65AB5 /* Coves Bold.otf in Resources */,
				BE02A32A22DFBC4400431854 /* ActivityFeed.storyboard in Resources */,
				BE12BA97233BA5CF009FAD1D /* ArvoBoldItalic.ttf in Resources */,
				BE12BA9A233BA5CF009FAD1D /* ArvoBold.ttf in Resources */,
				BE00F0E222FDB9C500B65AB5 /* PlayfairDisplaySC-Bold.otf in Resources */,
				BE00F0F722FDD59200B65AB5 /* Proxima Nova Thin.otf in Resources */,
			);
			runOnlyForDeploymentPostprocessing = 0;
		};
		BE41465222BA718D0009A738 /* Resources */ = {
			isa = PBXResourcesBuildPhase;
			buildActionMask = 2147483647;
			files = (
				BE41468222BAD6A00009A738 /* GoogleService-Info.plist in Resources */,
			);
			runOnlyForDeploymentPostprocessing = 0;
		};
		BE41465D22BA718D0009A738 /* Resources */ = {
			isa = PBXResourcesBuildPhase;
			buildActionMask = 2147483647;
			files = (
				BE41468322BAD6A00009A738 /* GoogleService-Info.plist in Resources */,
			);
			runOnlyForDeploymentPostprocessing = 0;
		};
/* End PBXResourcesBuildPhase section */

/* Begin PBXShellScriptBuildPhase section */
		3464F03687F829C0C374E93F /* [CP] Check Pods Manifest.lock */ = {
			isa = PBXShellScriptBuildPhase;
			buildActionMask = 2147483647;
			files = (
			);
			inputFileListPaths = (
			);
			inputPaths = (
				"${PODS_PODFILE_DIR_PATH}/Podfile.lock",
				"${PODS_ROOT}/Manifest.lock",
			);
			name = "[CP] Check Pods Manifest.lock";
			outputFileListPaths = (
			);
			outputPaths = (
				"$(DERIVED_FILE_DIR)/Pods-Buds-checkManifestLockResult.txt",
			);
			runOnlyForDeploymentPostprocessing = 0;
			shellPath = /bin/sh;
			shellScript = "diff \"${PODS_PODFILE_DIR_PATH}/Podfile.lock\" \"${PODS_ROOT}/Manifest.lock\" > /dev/null\nif [ $? != 0 ] ; then\n    # print error to STDERR\n    echo \"error: The sandbox is not in sync with the Podfile.lock. Run 'pod install' or update your CocoaPods installation.\" >&2\n    exit 1\nfi\n# This output is used by Xcode 'outputs' to avoid re-running this script phase.\necho \"SUCCESS\" > \"${SCRIPT_OUTPUT_FILE_0}\"\n";
			showEnvVarsInLog = 0;
		};
		70F9CE3E2143A2D07840C62E /* [CP] Embed Pods Frameworks */ = {
			isa = PBXShellScriptBuildPhase;
			buildActionMask = 2147483647;
			files = (
			);
			inputFileListPaths = (
				"${PODS_ROOT}/Target Support Files/Pods-BudsTests/Pods-BudsTests-frameworks-${CONFIGURATION}-input-files.xcfilelist",
			);
			name = "[CP] Embed Pods Frameworks";
			outputFileListPaths = (
				"${PODS_ROOT}/Target Support Files/Pods-BudsTests/Pods-BudsTests-frameworks-${CONFIGURATION}-output-files.xcfilelist",
			);
			runOnlyForDeploymentPostprocessing = 0;
			shellPath = /bin/sh;
			shellScript = "\"${PODS_ROOT}/Target Support Files/Pods-BudsTests/Pods-BudsTests-frameworks.sh\"\n";
			showEnvVarsInLog = 0;
		};
		98B0966F8B920FC66389E285 /* [CP] Check Pods Manifest.lock */ = {
			isa = PBXShellScriptBuildPhase;
			buildActionMask = 2147483647;
			files = (
			);
			inputFileListPaths = (
			);
			inputPaths = (
				"${PODS_PODFILE_DIR_PATH}/Podfile.lock",
				"${PODS_ROOT}/Manifest.lock",
			);
			name = "[CP] Check Pods Manifest.lock";
			outputFileListPaths = (
			);
			outputPaths = (
				"$(DERIVED_FILE_DIR)/Pods-BudsTests-checkManifestLockResult.txt",
			);
			runOnlyForDeploymentPostprocessing = 0;
			shellPath = /bin/sh;
			shellScript = "diff \"${PODS_PODFILE_DIR_PATH}/Podfile.lock\" \"${PODS_ROOT}/Manifest.lock\" > /dev/null\nif [ $? != 0 ] ; then\n    # print error to STDERR\n    echo \"error: The sandbox is not in sync with the Podfile.lock. Run 'pod install' or update your CocoaPods installation.\" >&2\n    exit 1\nfi\n# This output is used by Xcode 'outputs' to avoid re-running this script phase.\necho \"SUCCESS\" > \"${SCRIPT_OUTPUT_FILE_0}\"\n";
			showEnvVarsInLog = 0;
		};
		F1576903466689382E1E477F /* [CP] Embed Pods Frameworks */ = {
			isa = PBXShellScriptBuildPhase;
			buildActionMask = 2147483647;
			files = (
			);
			inputFileListPaths = (
				"${PODS_ROOT}/Target Support Files/Pods-Buds/Pods-Buds-frameworks-${CONFIGURATION}-input-files.xcfilelist",
			);
			name = "[CP] Embed Pods Frameworks";
			outputFileListPaths = (
				"${PODS_ROOT}/Target Support Files/Pods-Buds/Pods-Buds-frameworks-${CONFIGURATION}-output-files.xcfilelist",
			);
			runOnlyForDeploymentPostprocessing = 0;
			shellPath = /bin/sh;
			shellScript = "\"${PODS_ROOT}/Target Support Files/Pods-Buds/Pods-Buds-frameworks.sh\"\n";
			showEnvVarsInLog = 0;
		};
/* End PBXShellScriptBuildPhase section */

/* Begin PBXSourcesBuildPhase section */
		BE41463C22BA718C0009A738 /* Sources */ = {
			isa = PBXSourcesBuildPhase;
			buildActionMask = 2147483647;
			files = (
				BE03D2A722C2676E0059B587 /* WelcomeViewController.swift in Sources */,
				BE03D2AB22C269730059B587 /* RegisterViewController.swift in Sources */,
				BE02A32322DCEF9A00431854 /* Network.swift in Sources */,
				BEA25001244A76B700086B55 /* StrainInfoVC.swift in Sources */,
				BE58DEBD24537275003A4239 /* SearchVC.swift in Sources */,
				BE604D77237369580026ECDA /* SearchViewController.swift in Sources */,
				BE2D4C222461B97C0008D7C6 /* BudsSecondaryLabel.swift in Sources */,
				BEACFF192462F7EC00F705EB /* BudsIconView.swift in Sources */,
				BE02A33C22E2581800431854 /* ActivityFeedCustomCell.swift in Sources */,
				BE747FC322CBD54B00D071FD /* NewActivityTableViewController.swift in Sources */,
				BEACFF1D246463A100F705EB /* NavigationBar+Ext.swift in Sources */,
				BE41467F22BA9E180009A738 /* Location.swift in Sources */,
				BEA25004244A77A200086B55 /* BudsStrainTitleLabel.swift in Sources */,
				BE87F794236768DD00A31AC8 /* Constants.swift in Sources */,
				BE747FC622CD1E9E00D071FD /* ActivityDetailsDelegate.swift in Sources */,
				BE41467522BA91670009A738 /* Person.swift in Sources */,
				BE02A32722DE61AB00431854 /* LocationSearchDelegate.swift in Sources */,
				BE58DEBF245374A1003A4239 /* UIHelper.swift in Sources */,
				BE2D4C1E2461B4370008D7C6 /* Activity.swift in Sources */,
				BE12BA91233A7621009FAD1D /* TableViewCell.swift in Sources */,
				BE2D4C13245CD16D0008D7C6 /* BudsEmptySateView.swift in Sources */,
				BE58DEC224537735003A4239 /* StrainCell.swift in Sources */,
				BE747FCA22D53C2600D071FD /* SettingsViewController.swift in Sources */,
				BE4795E0237DD99200FB0874 /* NewActivityStrainViewController.swift in Sources */,
				BE6726072386129600261DB5 /* StrainJSON.swift in Sources */,
				BE03D2AD22C548480059B587 /* ProfileViewController.swift in Sources */,
				BE02A33722E2562000431854 /* ActivityFeedController.swift in Sources */,
				BE747FBB22CAAD9800D071FD /* NewActivityViewController.swift in Sources */,
				BE02A32522DE557200431854 /* LocationSearchBarController.swift in Sources */,
				BEFB6FF8235B6151008805E5 /* Switcher.swift in Sources */,
				BE2D4C1A2460A8660008D7C6 /* NetworkManager.swift in Sources */,
				BEACFF232464AD9B00F705EB /* TagCell.swift in Sources */,
				BE2D4C172460A7DC0008D7C6 /* BudsAvatarImageView.swift in Sources */,
				BE02A33E22E6436600431854 /* NewActivityLocationController.swift in Sources */,
				BE02A34422E6BD7D00431854 /* TimeHelper.swift in Sources */,
				BE6B71AB244F9F6A007BFB23 /* BudsDataLoadingVC.swift in Sources */,
				BE6B71A8244F9B75007BFB23 /* BudsBodyLabel.swift in Sources */,
				BE58DEC7245390EF003A4239 /* BudsStrainImageView.swift in Sources */,
				BEACFF1B24645ED800F705EB /* NewActivityVC.swift in Sources */,
				BE41467D22BA9CE50009A738 /* Birthday.swift in Sources */,
				BE2D4C152460A46B0008D7C6 /* ActivityFeedVC.swift in Sources */,
				BEACFF28246B103200F705EB /* HorizontalCollectionView.swift in Sources */,
				BE58381D237CE4F9002160B8 /* NewActivityEffectsViewController.swift in Sources */,
				BE58DEC524537A68003A4239 /* UIView+Ext.swift in Sources */,
				BEACFF1F2464641100F705EB /* String+Ext.swift in Sources */,
				BE12BA9C233D1CA8009FAD1D /* StrainDetailsViewController.swift in Sources */,
				BE0A065822FB6F5F00C41B53 /* ModelController.swift in Sources */,
				BE2D4C202461B7100008D7C6 /* ActivityCell.swift in Sources */,
				BEB7430823326089003B52DE /* CardView.swift in Sources */,
				BE03D2A922C269060059B587 /* LogInViewController.swift in Sources */,
				BEA25007244A79E000086B55 /* BudsHeaderImageView.swift in Sources */,
				BE41464422BA718C0009A738 /* AppDelegate.swift in Sources */,
				BE67260923884E8300261DB5 /* StrainInfoViewController.swift in Sources */,
				BEACFF172462149300F705EB /* BudsTitleLabel.swift in Sources */,
			);
			runOnlyForDeploymentPostprocessing = 0;
		};
		BE41465022BA718D0009A738 /* Sources */ = {
			isa = PBXSourcesBuildPhase;
			buildActionMask = 2147483647;
			files = (
				BE41465922BA718D0009A738 /* BudsTests.swift in Sources */,
			);
			runOnlyForDeploymentPostprocessing = 0;
		};
		BE41465B22BA718D0009A738 /* Sources */ = {
			isa = PBXSourcesBuildPhase;
			buildActionMask = 2147483647;
			files = (
				BE41466422BA718D0009A738 /* BudsUITests.swift in Sources */,
			);
			runOnlyForDeploymentPostprocessing = 0;
		};
/* End PBXSourcesBuildPhase section */

/* Begin PBXTargetDependency section */
		BE41465622BA718D0009A738 /* PBXTargetDependency */ = {
			isa = PBXTargetDependency;
			target = BE41463F22BA718C0009A738 /* Buds */;
			targetProxy = BE41465522BA718D0009A738 /* PBXContainerItemProxy */;
		};
		BE41466122BA718D0009A738 /* PBXTargetDependency */ = {
			isa = PBXTargetDependency;
			target = BE41463F22BA718C0009A738 /* Buds */;
			targetProxy = BE41466022BA718D0009A738 /* PBXContainerItemProxy */;
		};
/* End PBXTargetDependency section */

/* Begin PBXVariantGroup section */
		BE41464722BA718C0009A738 /* Main.storyboard */ = {
			isa = PBXVariantGroup;
			children = (
				BE41464822BA718C0009A738 /* Base */,
			);
			name = Main.storyboard;
			sourceTree = "<group>";
		};
		BE41464C22BA718D0009A738 /* LaunchScreen.storyboard */ = {
			isa = PBXVariantGroup;
			children = (
				BE41464D22BA718D0009A738 /* Base */,
			);
			name = LaunchScreen.storyboard;
			sourceTree = "<group>";
		};
/* End PBXVariantGroup section */

/* Begin XCBuildConfiguration section */
		BE41466622BA718D0009A738 /* Debug */ = {
			isa = XCBuildConfiguration;
			buildSettings = {
				ALWAYS_SEARCH_USER_PATHS = NO;
				CLANG_ANALYZER_NONNULL = YES;
				CLANG_ANALYZER_NUMBER_OBJECT_CONVERSION = YES_AGGRESSIVE;
				CLANG_CXX_LANGUAGE_STANDARD = "gnu++14";
				CLANG_CXX_LIBRARY = "libc++";
				CLANG_ENABLE_MODULES = YES;
				CLANG_ENABLE_OBJC_ARC = YES;
				CLANG_ENABLE_OBJC_WEAK = YES;
				CLANG_WARN_BLOCK_CAPTURE_AUTORELEASING = YES;
				CLANG_WARN_BOOL_CONVERSION = YES;
				CLANG_WARN_COMMA = YES;
				CLANG_WARN_CONSTANT_CONVERSION = YES;
				CLANG_WARN_DEPRECATED_OBJC_IMPLEMENTATIONS = YES;
				CLANG_WARN_DIRECT_OBJC_ISA_USAGE = YES_ERROR;
				CLANG_WARN_DOCUMENTATION_COMMENTS = YES;
				CLANG_WARN_EMPTY_BODY = YES;
				CLANG_WARN_ENUM_CONVERSION = YES;
				CLANG_WARN_INFINITE_RECURSION = YES;
				CLANG_WARN_INT_CONVERSION = YES;
				CLANG_WARN_NON_LITERAL_NULL_CONVERSION = YES;
				CLANG_WARN_OBJC_IMPLICIT_RETAIN_SELF = YES;
				CLANG_WARN_OBJC_LITERAL_CONVERSION = YES;
				CLANG_WARN_OBJC_ROOT_CLASS = YES_ERROR;
				CLANG_WARN_RANGE_LOOP_ANALYSIS = YES;
				CLANG_WARN_STRICT_PROTOTYPES = YES;
				CLANG_WARN_SUSPICIOUS_MOVE = YES;
				CLANG_WARN_UNGUARDED_AVAILABILITY = YES_AGGRESSIVE;
				CLANG_WARN_UNREACHABLE_CODE = YES;
				CLANG_WARN__DUPLICATE_METHOD_MATCH = YES;
				CODE_SIGN_IDENTITY = "iPhone Developer";
				COPY_PHASE_STRIP = NO;
				DEBUG_INFORMATION_FORMAT = dwarf;
				ENABLE_STRICT_OBJC_MSGSEND = YES;
				ENABLE_TESTABILITY = YES;
				GCC_C_LANGUAGE_STANDARD = gnu11;
				GCC_DYNAMIC_NO_PIC = NO;
				GCC_NO_COMMON_BLOCKS = YES;
				GCC_OPTIMIZATION_LEVEL = 0;
				GCC_PREPROCESSOR_DEFINITIONS = (
					"DEBUG=1",
					"$(inherited)",
				);
				GCC_WARN_64_TO_32_BIT_CONVERSION = YES;
				GCC_WARN_ABOUT_RETURN_TYPE = YES_ERROR;
				GCC_WARN_UNDECLARED_SELECTOR = YES;
				GCC_WARN_UNINITIALIZED_AUTOS = YES_AGGRESSIVE;
				GCC_WARN_UNUSED_FUNCTION = YES;
				GCC_WARN_UNUSED_VARIABLE = YES;
				IPHONEOS_DEPLOYMENT_TARGET = 12.2;
				MTL_ENABLE_DEBUG_INFO = INCLUDE_SOURCE;
				MTL_FAST_MATH = YES;
				ONLY_ACTIVE_ARCH = YES;
				SDKROOT = iphoneos;
				SWIFT_ACTIVE_COMPILATION_CONDITIONS = DEBUG;
				SWIFT_OPTIMIZATION_LEVEL = "-Onone";
			};
			name = Debug;
		};
		BE41466722BA718D0009A738 /* Release */ = {
			isa = XCBuildConfiguration;
			buildSettings = {
				ALWAYS_SEARCH_USER_PATHS = NO;
				CLANG_ANALYZER_NONNULL = YES;
				CLANG_ANALYZER_NUMBER_OBJECT_CONVERSION = YES_AGGRESSIVE;
				CLANG_CXX_LANGUAGE_STANDARD = "gnu++14";
				CLANG_CXX_LIBRARY = "libc++";
				CLANG_ENABLE_MODULES = YES;
				CLANG_ENABLE_OBJC_ARC = YES;
				CLANG_ENABLE_OBJC_WEAK = YES;
				CLANG_WARN_BLOCK_CAPTURE_AUTORELEASING = YES;
				CLANG_WARN_BOOL_CONVERSION = YES;
				CLANG_WARN_COMMA = YES;
				CLANG_WARN_CONSTANT_CONVERSION = YES;
				CLANG_WARN_DEPRECATED_OBJC_IMPLEMENTATIONS = YES;
				CLANG_WARN_DIRECT_OBJC_ISA_USAGE = YES_ERROR;
				CLANG_WARN_DOCUMENTATION_COMMENTS = YES;
				CLANG_WARN_EMPTY_BODY = YES;
				CLANG_WARN_ENUM_CONVERSION = YES;
				CLANG_WARN_INFINITE_RECURSION = YES;
				CLANG_WARN_INT_CONVERSION = YES;
				CLANG_WARN_NON_LITERAL_NULL_CONVERSION = YES;
				CLANG_WARN_OBJC_IMPLICIT_RETAIN_SELF = YES;
				CLANG_WARN_OBJC_LITERAL_CONVERSION = YES;
				CLANG_WARN_OBJC_ROOT_CLASS = YES_ERROR;
				CLANG_WARN_RANGE_LOOP_ANALYSIS = YES;
				CLANG_WARN_STRICT_PROTOTYPES = YES;
				CLANG_WARN_SUSPICIOUS_MOVE = YES;
				CLANG_WARN_UNGUARDED_AVAILABILITY = YES_AGGRESSIVE;
				CLANG_WARN_UNREACHABLE_CODE = YES;
				CLANG_WARN__DUPLICATE_METHOD_MATCH = YES;
				CODE_SIGN_IDENTITY = "iPhone Developer";
				COPY_PHASE_STRIP = NO;
				DEBUG_INFORMATION_FORMAT = "dwarf-with-dsym";
				ENABLE_NS_ASSERTIONS = NO;
				ENABLE_STRICT_OBJC_MSGSEND = YES;
				GCC_C_LANGUAGE_STANDARD = gnu11;
				GCC_NO_COMMON_BLOCKS = YES;
				GCC_WARN_64_TO_32_BIT_CONVERSION = YES;
				GCC_WARN_ABOUT_RETURN_TYPE = YES_ERROR;
				GCC_WARN_UNDECLARED_SELECTOR = YES;
				GCC_WARN_UNINITIALIZED_AUTOS = YES_AGGRESSIVE;
				GCC_WARN_UNUSED_FUNCTION = YES;
				GCC_WARN_UNUSED_VARIABLE = YES;
				IPHONEOS_DEPLOYMENT_TARGET = 12.2;
				MTL_ENABLE_DEBUG_INFO = NO;
				MTL_FAST_MATH = YES;
				SDKROOT = iphoneos;
				SWIFT_COMPILATION_MODE = wholemodule;
				SWIFT_OPTIMIZATION_LEVEL = "-O";
				VALIDATE_PRODUCT = YES;
			};
			name = Release;
		};
		BE41466922BA718D0009A738 /* Debug */ = {
			isa = XCBuildConfiguration;
			baseConfigurationReference = 7E351D0F6FA611EB273D8EA2 /* Pods-Buds.debug.xcconfig */;
			buildSettings = {
				ASSETCATALOG_COMPILER_APPICON_NAME = AppIcon;
				CODE_SIGN_STYLE = Automatic;
				DEVELOPMENT_TEAM = 84XX2W7G34;
				INFOPLIST_FILE = Buds/Info.plist;
				IPHONEOS_DEPLOYMENT_TARGET = 13.0;
				LD_RUNPATH_SEARCH_PATHS = (
					"$(inherited)",
					"@executable_path/Frameworks",
				);
				PRODUCT_BUNDLE_IDENTIFIER = com.collinbrowse.Buds;
				PRODUCT_NAME = "$(TARGET_NAME)";
				SWIFT_VERSION = 5.0;
				TARGETED_DEVICE_FAMILY = "1,2";
			};
			name = Debug;
		};
		BE41466A22BA718D0009A738 /* Release */ = {
			isa = XCBuildConfiguration;
			baseConfigurationReference = EAF0EC6C295759166884503B /* Pods-Buds.release.xcconfig */;
			buildSettings = {
				ASSETCATALOG_COMPILER_APPICON_NAME = AppIcon;
				CODE_SIGN_STYLE = Automatic;
				DEVELOPMENT_TEAM = 84XX2W7G34;
				INFOPLIST_FILE = Buds/Info.plist;
				IPHONEOS_DEPLOYMENT_TARGET = 13.0;
				LD_RUNPATH_SEARCH_PATHS = (
					"$(inherited)",
					"@executable_path/Frameworks",
				);
				PRODUCT_BUNDLE_IDENTIFIER = com.collinbrowse.Buds;
				PRODUCT_NAME = "$(TARGET_NAME)";
				SWIFT_VERSION = 5.0;
				TARGETED_DEVICE_FAMILY = "1,2";
			};
			name = Release;
		};
		BE41466C22BA718D0009A738 /* Debug */ = {
			isa = XCBuildConfiguration;
			baseConfigurationReference = 46662E8F571164C6ADA747E3 /* Pods-BudsTests.debug.xcconfig */;
			buildSettings = {
				ALWAYS_EMBED_SWIFT_STANDARD_LIBRARIES = YES;
				BUNDLE_LOADER = "$(TEST_HOST)";
				CODE_SIGN_STYLE = Automatic;
				DEVELOPMENT_TEAM = 84XX2W7G34;
				INFOPLIST_FILE = BudsTests/Info.plist;
				LD_RUNPATH_SEARCH_PATHS = (
					"$(inherited)",
					"@executable_path/Frameworks",
					"@loader_path/Frameworks",
				);
				PRODUCT_BUNDLE_IDENTIFIER = com.collinbrowse.BudsTests;
				PRODUCT_NAME = "$(TARGET_NAME)";
				SWIFT_VERSION = 5.0;
				TARGETED_DEVICE_FAMILY = "1,2";
				TEST_HOST = "$(BUILT_PRODUCTS_DIR)/Buds.app/Buds";
			};
			name = Debug;
		};
		BE41466D22BA718D0009A738 /* Release */ = {
			isa = XCBuildConfiguration;
			baseConfigurationReference = 9C3180617F4EB170B4724DE5 /* Pods-BudsTests.release.xcconfig */;
			buildSettings = {
				ALWAYS_EMBED_SWIFT_STANDARD_LIBRARIES = YES;
				BUNDLE_LOADER = "$(TEST_HOST)";
				CODE_SIGN_STYLE = Automatic;
				DEVELOPMENT_TEAM = 84XX2W7G34;
				INFOPLIST_FILE = BudsTests/Info.plist;
				LD_RUNPATH_SEARCH_PATHS = (
					"$(inherited)",
					"@executable_path/Frameworks",
					"@loader_path/Frameworks",
				);
				PRODUCT_BUNDLE_IDENTIFIER = com.collinbrowse.BudsTests;
				PRODUCT_NAME = "$(TARGET_NAME)";
				SWIFT_VERSION = 5.0;
				TARGETED_DEVICE_FAMILY = "1,2";
				TEST_HOST = "$(BUILT_PRODUCTS_DIR)/Buds.app/Buds";
			};
			name = Release;
		};
		BE41466F22BA718D0009A738 /* Debug */ = {
			isa = XCBuildConfiguration;
			buildSettings = {
				ALWAYS_EMBED_SWIFT_STANDARD_LIBRARIES = YES;
				CODE_SIGN_STYLE = Automatic;
				DEVELOPMENT_TEAM = 84XX2W7G34;
				INFOPLIST_FILE = BudsUITests/Info.plist;
				LD_RUNPATH_SEARCH_PATHS = (
					"$(inherited)",
					"@executable_path/Frameworks",
					"@loader_path/Frameworks",
				);
				PRODUCT_BUNDLE_IDENTIFIER = com.collinbrowse.BudsUITests;
				PRODUCT_NAME = "$(TARGET_NAME)";
				SWIFT_VERSION = 5.0;
				TARGETED_DEVICE_FAMILY = "1,2";
				TEST_TARGET_NAME = Buds;
			};
			name = Debug;
		};
		BE41467022BA718D0009A738 /* Release */ = {
			isa = XCBuildConfiguration;
			buildSettings = {
				ALWAYS_EMBED_SWIFT_STANDARD_LIBRARIES = YES;
				CODE_SIGN_STYLE = Automatic;
				DEVELOPMENT_TEAM = 84XX2W7G34;
				INFOPLIST_FILE = BudsUITests/Info.plist;
				LD_RUNPATH_SEARCH_PATHS = (
					"$(inherited)",
					"@executable_path/Frameworks",
					"@loader_path/Frameworks",
				);
				PRODUCT_BUNDLE_IDENTIFIER = com.collinbrowse.BudsUITests;
				PRODUCT_NAME = "$(TARGET_NAME)";
				SWIFT_VERSION = 5.0;
				TARGETED_DEVICE_FAMILY = "1,2";
				TEST_TARGET_NAME = Buds;
			};
			name = Release;
		};
/* End XCBuildConfiguration section */

/* Begin XCConfigurationList section */
		BE41463B22BA718C0009A738 /* Build configuration list for PBXProject "Buds" */ = {
			isa = XCConfigurationList;
			buildConfigurations = (
				BE41466622BA718D0009A738 /* Debug */,
				BE41466722BA718D0009A738 /* Release */,
			);
			defaultConfigurationIsVisible = 0;
			defaultConfigurationName = Release;
		};
		BE41466822BA718D0009A738 /* Build configuration list for PBXNativeTarget "Buds" */ = {
			isa = XCConfigurationList;
			buildConfigurations = (
				BE41466922BA718D0009A738 /* Debug */,
				BE41466A22BA718D0009A738 /* Release */,
			);
			defaultConfigurationIsVisible = 0;
			defaultConfigurationName = Release;
		};
		BE41466B22BA718D0009A738 /* Build configuration list for PBXNativeTarget "BudsTests" */ = {
			isa = XCConfigurationList;
			buildConfigurations = (
				BE41466C22BA718D0009A738 /* Debug */,
				BE41466D22BA718D0009A738 /* Release */,
			);
			defaultConfigurationIsVisible = 0;
			defaultConfigurationName = Release;
		};
		BE41466E22BA718D0009A738 /* Build configuration list for PBXNativeTarget "BudsUITests" */ = {
			isa = XCConfigurationList;
			buildConfigurations = (
				BE41466F22BA718D0009A738 /* Debug */,
				BE41467022BA718D0009A738 /* Release */,
			);
			defaultConfigurationIsVisible = 0;
			defaultConfigurationName = Release;
		};
/* End XCConfigurationList section */
	};
	rootObject = BE41463822BA718C0009A738 /* Project object */;
}
